<Solution>
  <Project Path="modelvault-frontend/modelvault-frontend.esproj">
    <Build />
    <Deploy />
  </Project>
  <Project Path="ModelVault.Api/ModelVault.Api.csproj" />
  <Project Path="ModelVault.AppHost/ModelVault.AppHost.csproj" />
  <Project Path="ModelVault.ServiceDefaults/ModelVault.ServiceDefaults.csproj" />
</Solution>
